
Microsoft Visual Studio Solution File, Format Version 12.00
# Visual Studio 15
VisualStudioVersion = 15.0.28307.645
MinimumVisualStudioVersion = 10.0.40219.1
Project("{FAE04EC0-301F-11D3-BF4B-00C04F79EFBC}") = "IdentityModel01", "IdentityModel01\IdentityModel01.csproj", "{D25273D8-3022-45EF-83C8-DF60DF21C2D7}"
EndProject
Project("{FAE04EC0-301F-11D3-BF4B-00C04F79EFBC}") = "AspNetIdentity2_FromScratch", "AspNetIdentity2_FromScratch\AspNetIdentity2_FromScratch.csproj", "{0F4309DA-94C9-4764-B8A8-350F9916EDE1}"
EndProject
Global
	GlobalSection(SolutionConfigurationPlatforms) = preSolution
		Debug|Any CPU = Debug|Any CPU
		Release|Any CPU = Release|Any CPU
	EndGlobalSection
	GlobalSection(ProjectConfigurationPlatforms) = postSolution
		{D25273D8-3022-45EF-83C8-DF60DF21C2D7}.Debug|Any CPU.ActiveCfg = Debug|Any CPU
		{D25273D8-3022-45EF-83C8-DF60DF21C2D7}.Debug|Any CPU.Build.0 = Debug|Any CPU
		{D25273D8-3022-45EF-83C8-DF60DF21C2D7}.Release|Any CPU.ActiveCfg = Release|Any CPU
		{D25273D8-3022-45EF-83C8-DF60DF21C2D7}.Release|Any CPU.Build.0 = Release|Any CPU
		{0F4309DA-94C9-4764-B8A8-350F9916EDE1}.Debug|Any CPU.ActiveCfg = Debug|Any CPU
		{0F4309DA-94C9-4764-B8A8-350F9916EDE1}.Debug|Any CPU.Build.0 = Debug|Any CPU
		{0F4309DA-94C9-4764-B8A8-350F9916EDE1}.Release|Any CPU.ActiveCfg = Release|Any CPU
		{0F4309DA-94C9-4764-B8A8-350F9916EDE1}.Release|Any CPU.Build.0 = Release|Any CPU
	EndGlobalSection
	GlobalSection(SolutionProperties) = preSolution
		HideSolutionNode = FALSE
	EndGlobalSection
	GlobalSection(ExtensibilityGlobals) = postSolution
		SolutionGuid = {B99E82BA-38D5-4704-92C5-606EDDF9CAA1}
	EndGlobalSection
EndGlobal
